// !$*UTF8*$!
{
	archiveVersion = 1;
	classes = {
	};
	objectVersion = 50;
	objects = {

/* Begin PBXBuildFile section */
		0483CDB821016E8600167603 /* main.cpp in Sources */ = {isa = PBXBuildFile; fileRef = 0483CDB721016E8600167603 /* main.cpp */; };
		0483CDE9210170A900167603 /* libopencv_calib3d.3.4.2.dylib in Frameworks */ = {isa = PBXBuildFile; fileRef = 0483CDBE210170A000167603 /* libopencv_calib3d.3.4.2.dylib */; };
		0483CDEA210170A900167603 /* libopencv_dnn.3.4.2.dylib in Frameworks */ = {isa = PBXBuildFile; fileRef = 0483CDBF210170A000167603 /* libopencv_dnn.3.4.2.dylib */; };
		0483CDEB210170A900167603 /* libopencv_phase_unwrapping.3.4.2.dylib in Frameworks */ = {isa = PBXBuildFile; fileRef = 0483CDC0210170A000167603 /* libopencv_phase_unwrapping.3.4.2.dylib */; };
		0483CDEC210170A900167603 /* libopencv_rgbd.3.4.2.dylib in Frameworks */ = {isa = PBXBuildFile; fileRef = 0483CDC1210170A100167603 /* libopencv_rgbd.3.4.2.dylib */; };
		0483CDED210170A900167603 /* libopencv_optflow.3.4.2.dylib in Frameworks */ = {isa = PBXBuildFile; fileRef = 0483CDC2210170A100167603 /* libopencv_optflow.3.4.2.dylib */; };
		0483CDEE210170A900167603 /* libopencv_features2d.3.4.2.dylib in Frameworks */ = {isa = PBXBuildFile; fileRef = 0483CDC3210170A100167603 /* libopencv_features2d.3.4.2.dylib */; };
		0483CDEF210170A900167603 /* libopencv_structured_light.3.4.2.dylib in Frameworks */ = {isa = PBXBuildFile; fileRef = 0483CDC4210170A100167603 /* libopencv_structured_light.3.4.2.dylib */; };
		0483CDF0210170A900167603 /* libopencv_surface_matching.3.4.2.dylib in Frameworks */ = {isa = PBXBuildFile; fileRef = 0483CDC5210170A100167603 /* libopencv_surface_matching.3.4.2.dylib */; };
		0483CDF1210170A900167603 /* libopencv_ximgproc.3.4.2.dylib in Frameworks */ = {isa = PBXBuildFile; fileRef = 0483CDC6210170A100167603 /* libopencv_ximgproc.3.4.2.dylib */; };
		0483CDF2210170A900167603 /* libopencv_xfeatures2d.3.4.2.dylib in Frameworks */ = {isa = PBXBuildFile; fileRef = 0483CDC7210170A100167603 /* libopencv_xfeatures2d.3.4.2.dylib */; };
		0483CDF3210170A900167603 /* libopencv_xobjdetect.3.4.2.dylib in Frameworks */ = {isa = PBXBuildFile; fileRef = 0483CDC8210170A200167603 /* libopencv_xobjdetect.3.4.2.dylib */; };
		0483CDF4210170A900167603 /* libopencv_imgproc.3.4.2.dylib in Frameworks */ = {isa = PBXBuildFile; fileRef = 0483CDC9210170A300167603 /* libopencv_imgproc.3.4.2.dylib */; };
		0483CDF5210170A900167603 /* libopencv_videoio.3.4.2.dylib in Frameworks */ = {isa = PBXBuildFile; fileRef = 0483CDCA210170A300167603 /* libopencv_videoio.3.4.2.dylib */; };
		0483CDF6210170A900167603 /* libopencv_objdetect.3.4.2.dylib in Frameworks */ = {isa = PBXBuildFile; fileRef = 0483CDCB210170A300167603 /* libopencv_objdetect.3.4.2.dylib */; };
		0483CDF7210170A900167603 /* libopencv_plot.3.4.2.dylib in Frameworks */ = {isa = PBXBuildFile; fileRef = 0483CDCC210170A300167603 /* libopencv_plot.3.4.2.dylib */; };
		0483CDF8210170A900167603 /* libopencv_shape.3.4.2.dylib in Frameworks */ = {isa = PBXBuildFile; fileRef = 0483CDCD210170A300167603 /* libopencv_shape.3.4.2.dylib */; };
		0483CDF9210170A900167603 /* libopencv_stereo.3.4.2.dylib in Frameworks */ = {isa = PBXBuildFile; fileRef = 0483CDCE210170A300167603 /* libopencv_stereo.3.4.2.dylib */; };
		0483CDFA210170A900167603 /* libopencv_video.3.4.2.dylib in Frameworks */ = {isa = PBXBuildFile; fileRef = 0483CDCF210170A400167603 /* libopencv_video.3.4.2.dylib */; };
		0483CDFB210170A900167603 /* libopencv_highgui.3.4.2.dylib in Frameworks */ = {isa = PBXBuildFile; fileRef = 0483CDD0210170A400167603 /* libopencv_highgui.3.4.2.dylib */; };
		0483CDFC210170A900167603 /* libopencv_stitching.3.4.2.dylib in Frameworks */ = {isa = PBXBuildFile; fileRef = 0483CDD1210170A400167603 /* libopencv_stitching.3.4.2.dylib */; };
		0483CDFD210170A900167603 /* libopencv_img_hash.3.4.2.dylib in Frameworks */ = {isa = PBXBuildFile; fileRef = 0483CDD2210170A400167603 /* libopencv_img_hash.3.4.2.dylib */; };
		0483CDFE210170A900167603 /* libopencv_tracking.3.4.2.dylib in Frameworks */ = {isa = PBXBuildFile; fileRef = 0483CDD3210170A400167603 /* libopencv_tracking.3.4.2.dylib */; };
		0483CDFF210170A900167603 /* libopencv_dnn_objdetect.3.4.2.dylib in Frameworks */ = {isa = PBXBuildFile; fileRef = 0483CDD4210170A500167603 /* libopencv_dnn_objdetect.3.4.2.dylib */; };
		0483CE00210170A900167603 /* libopencv_saliency.3.4.2.dylib in Frameworks */ = {isa = PBXBuildFile; fileRef = 0483CDD5210170A500167603 /* libopencv_saliency.3.4.2.dylib */; };
		0483CE01210170A900167603 /* libopencv_ml.3.4.2.dylib in Frameworks */ = {isa = PBXBuildFile; fileRef = 0483CDD6210170A500167603 /* libopencv_ml.3.4.2.dylib */; };
		0483CE02210170A900167603 /* libopencv_xphoto.3.4.2.dylib in Frameworks */ = {isa = PBXBuildFile; fileRef = 0483CDD7210170A500167603 /* libopencv_xphoto.3.4.2.dylib */; };
		0483CE03210170A900167603 /* libopencv_bgsegm.3.4.2.dylib in Frameworks */ = {isa = PBXBuildFile; fileRef = 0483CDD8210170A500167603 /* libopencv_bgsegm.3.4.2.dylib */; };
		0483CE04210170A900167603 /* libopencv_dpm.3.4.2.dylib in Frameworks */ = {isa = PBXBuildFile; fileRef = 0483CDD9210170A600167603 /* libopencv_dpm.3.4.2.dylib */; };
		0483CE05210170A900167603 /* libopencv_aruco.3.4.2.dylib in Frameworks */ = {isa = PBXBuildFile; fileRef = 0483CDDA210170A600167603 /* libopencv_aruco.3.4.2.dylib */; };
		0483CE06210170A900167603 /* libopencv_core.3.4.2.dylib in Frameworks */ = {isa = PBXBuildFile; fileRef = 0483CDDB210170A700167603 /* libopencv_core.3.4.2.dylib */; };
		0483CE07210170A900167603 /* libopencv_videostab.3.4.2.dylib in Frameworks */ = {isa = PBXBuildFile; fileRef = 0483CDDC210170A700167603 /* libopencv_videostab.3.4.2.dylib */; };
		0483CE08210170A900167603 /* libopencv_reg.3.4.2.dylib in Frameworks */ = {isa = PBXBuildFile; fileRef = 0483CDDD210170A700167603 /* libopencv_reg.3.4.2.dylib */; };
		0483CE09210170A900167603 /* libopencv_ccalib.3.4.2.dylib in Frameworks */ = {isa = PBXBuildFile; fileRef = 0483CDDE210170A700167603 /* libopencv_ccalib.3.4.2.dylib */; };
		0483CE0A210170A900167603 /* libopencv_datasets.3.4.2.dylib in Frameworks */ = {isa = PBXBuildFile; fileRef = 0483CDDF210170A700167603 /* libopencv_datasets.3.4.2.dylib */; };
		0483CE0B210170A900167603 /* libopencv_fuzzy.3.4.2.dylib in Frameworks */ = {isa = PBXBuildFile; fileRef = 0483CDE0210170A700167603 /* libopencv_fuzzy.3.4.2.dylib */; };
		0483CE0C210170A900167603 /* libopencv_photo.3.4.2.dylib in Frameworks */ = {isa = PBXBuildFile; fileRef = 0483CDE1210170A800167603 /* libopencv_photo.3.4.2.dylib */; };
		0483CE0D210170A900167603 /* libopencv_flann.3.4.2.dylib in Frameworks */ = {isa = PBXBuildFile; fileRef = 0483CDE2210170A800167603 /* libopencv_flann.3.4.2.dylib */; };
		0483CE0E210170A900167603 /* libopencv_superres.3.4.2.dylib in Frameworks */ = {isa = PBXBuildFile; fileRef = 0483CDE3210170A800167603 /* libopencv_superres.3.4.2.dylib */; };
		0483CE0F210170A900167603 /* libopencv_imgcodecs.3.4.2.dylib in Frameworks */ = {isa = PBXBuildFile; fileRef = 0483CDE4210170A800167603 /* libopencv_imgcodecs.3.4.2.dylib */; };
		0483CE10210170A900167603 /* libopencv_hfs.3.4.2.dylib in Frameworks */ = {isa = PBXBuildFile; fileRef = 0483CDE5210170A800167603 /* libopencv_hfs.3.4.2.dylib */; };
		0483CE11210170A900167603 /* libopencv_bioinspired.3.4.2.dylib in Frameworks */ = {isa = PBXBuildFile; fileRef = 0483CDE6210170A900167603 /* libopencv_bioinspired.3.4.2.dylib */; };
		0483CE12210170A900167603 /* libopencv_face.3.4.2.dylib in Frameworks */ = {isa = PBXBuildFile; fileRef = 0483CDE7210170A900167603 /* libopencv_face.3.4.2.dylib */; };
		0483CE13210170A900167603 /* libopencv_line_descriptor.3.4.2.dylib in Frameworks */ = {isa = PBXBuildFile; fileRef = 0483CDE8210170A900167603 /* libopencv_line_descriptor.3.4.2.dylib */; };
/* End PBXBuildFile section */

/* Begin PBXCopyFilesBuildPhase section */
		0483CDB221016E8600167603 /* CopyFiles */ = {
			isa = PBXCopyFilesBuildPhase;
			buildActionMask = 2147483647;
			dstPath = /usr/share/man/man1/;
			dstSubfolderSpec = 0;
			files = (
			);
			runOnlyForDeploymentPostprocessing = 1;
		};
/* End PBXCopyFilesBuildPhase section */

/* Begin PBXFileReference section */
		0483CDB421016E8600167603 /* MSC */ = {isa = PBXFileReference; explicitFileType = "compiled.mach-o.executable"; includeInIndex = 0; path = MSC; sourceTree = BUILT_PRODUCTS_DIR; };
		0483CDB721016E8600167603 /* main.cpp */ = {isa = PBXFileReference; lastKnownFileType = sourcecode.cpp.cpp; path = main.cpp; sourceTree = "<group>"; };
		0483CDBE210170A000167603 /* libopencv_calib3d.3.4.2.dylib */ = {isa = PBXFileReference; lastKnownFileType = "compiled.mach-o.dylib"; path = libopencv_calib3d.3.4.2.dylib; sourceTree = "<group>"; };
		0483CDBF210170A000167603 /* libopencv_dnn.3.4.2.dylib */ = {isa = PBXFileReference; lastKnownFileType = "compiled.mach-o.dylib"; path = libopencv_dnn.3.4.2.dylib; sourceTree = "<group>"; };
		0483CDC0210170A000167603 /* libopencv_phase_unwrapping.3.4.2.dylib */ = {isa = PBXFileReference; lastKnownFileType = "compiled.mach-o.dylib"; path = libopencv_phase_unwrapping.3.4.2.dylib; sourceTree = "<group>"; };
		0483CDC1210170A100167603 /* libopencv_rgbd.3.4.2.dylib */ = {isa = PBXFileReference; lastKnownFileType = "compiled.mach-o.dylib"; path = libopencv_rgbd.3.4.2.dylib; sourceTree = "<group>"; };
		0483CDC2210170A100167603 /* libopencv_optflow.3.4.2.dylib */ = {isa = PBXFileReference; lastKnownFileType = "compiled.mach-o.dylib"; path = libopencv_optflow.3.4.2.dylib; sourceTree = "<group>"; };
		0483CDC3210170A100167603 /* libopencv_features2d.3.4.2.dylib */ = {isa = PBXFileReference; lastKnownFileType = "compiled.mach-o.dylib"; path = libopencv_features2d.3.4.2.dylib; sourceTree = "<group>"; };
		0483CDC4210170A100167603 /* libopencv_structured_light.3.4.2.dylib */ = {isa = PBXFileReference; lastKnownFileType = "compiled.mach-o.dylib"; path = libopencv_structured_light.3.4.2.dylib; sourceTree = "<group>"; };
		0483CDC5210170A100167603 /* libopencv_surface_matching.3.4.2.dylib */ = {isa = PBXFileReference; lastKnownFileType = "compiled.mach-o.dylib"; path = libopencv_surface_matching.3.4.2.dylib; sourceTree = "<group>"; };
		0483CDC6210170A100167603 /* libopencv_ximgproc.3.4.2.dylib */ = {isa = PBXFileReference; lastKnownFileType = "compiled.mach-o.dylib"; path = libopencv_ximgproc.3.4.2.dylib; sourceTree = "<group>"; };
		0483CDC7210170A100167603 /* libopencv_xfeatures2d.3.4.2.dylib */ = {isa = PBXFileReference; lastKnownFileType = "compiled.mach-o.dylib"; path = libopencv_xfeatures2d.3.4.2.dylib; sourceTree = "<group>"; };
		0483CDC8210170A200167603 /* libopencv_xobjdetect.3.4.2.dylib */ = {isa = PBXFileReference; lastKnownFileType = "compiled.mach-o.dylib"; path = libopencv_xobjdetect.3.4.2.dylib; sourceTree = "<group>"; };
		0483CDC9210170A300167603 /* libopencv_imgproc.3.4.2.dylib */ = {isa = PBXFileReference; lastKnownFileType = "compiled.mach-o.dylib"; path = libopencv_imgproc.3.4.2.dylib; sourceTree = "<group>"; };
		0483CDCA210170A300167603 /* libopencv_videoio.3.4.2.dylib */ = {isa = PBXFileReference; lastKnownFileType = "compiled.mach-o.dylib"; path = libopencv_videoio.3.4.2.dylib; sourceTree = "<group>"; };
		0483CDCB210170A300167603 /* libopencv_objdetect.3.4.2.dylib */ = {isa = PBXFileReference; lastKnownFileType = "compiled.mach-o.dylib"; path = libopencv_objdetect.3.4.2.dylib; sourceTree = "<group>"; };
		0483CDCC210170A300167603 /* libopencv_plot.3.4.2.dylib */ = {isa = PBXFileReference; lastKnownFileType = "compiled.mach-o.dylib"; path = libopencv_plot.3.4.2.dylib; sourceTree = "<group>"; };
		0483CDCD210170A300167603 /* libopencv_shape.3.4.2.dylib */ = {isa = PBXFileReference; lastKnownFileType = "compiled.mach-o.dylib"; path = libopencv_shape.3.4.2.dylib; sourceTree = "<group>"; };
		0483CDCE210170A300167603 /* libopencv_stereo.3.4.2.dylib */ = {isa = PBXFileReference; lastKnownFileType = "compiled.mach-o.dylib"; path = libopencv_stereo.3.4.2.dylib; sourceTree = "<group>"; };
		0483CDCF210170A400167603 /* libopencv_video.3.4.2.dylib */ = {isa = PBXFileReference; lastKnownFileType = "compiled.mach-o.dylib"; path = libopencv_video.3.4.2.dylib; sourceTree = "<group>"; };
		0483CDD0210170A400167603 /* libopencv_highgui.3.4.2.dylib */ = {isa = PBXFileReference; lastKnownFileType = "compiled.mach-o.dylib"; path = libopencv_highgui.3.4.2.dylib; sourceTree = "<group>"; };
		0483CDD1210170A400167603 /* libopencv_stitching.3.4.2.dylib */ = {isa = PBXFileReference; lastKnownFileType = "compiled.mach-o.dylib"; path = libopencv_stitching.3.4.2.dylib; sourceTree = "<group>"; };
		0483CDD2210170A400167603 /* libopencv_img_hash.3.4.2.dylib */ = {isa = PBXFileReference; lastKnownFileType = "compiled.mach-o.dylib"; path = libopencv_img_hash.3.4.2.dylib; sourceTree = "<group>"; };
		0483CDD3210170A400167603 /* libopencv_tracking.3.4.2.dylib */ = {isa = PBXFileReference; lastKnownFileType = "compiled.mach-o.dylib"; path = libopencv_tracking.3.4.2.dylib; sourceTree = "<group>"; };
		0483CDD4210170A500167603 /* libopencv_dnn_objdetect.3.4.2.dylib */ = {isa = PBXFileReference; lastKnownFileType = "compiled.mach-o.dylib"; path = libopencv_dnn_objdetect.3.4.2.dylib; sourceTree = "<group>"; };
		0483CDD5210170A500167603 /* libopencv_saliency.3.4.2.dylib */ = {isa = PBXFileReference; lastKnownFileType = "compiled.mach-o.dylib"; path = libopencv_saliency.3.4.2.dylib; sourceTree = "<group>"; };
		0483CDD6210170A500167603 /* libopencv_ml.3.4.2.dylib */ = {isa = PBXFileReference; lastKnownFileType = "compiled.mach-o.dylib"; path = libopencv_ml.3.4.2.dylib; sourceTree = "<group>"; };
		0483CDD7210170A500167603 /* libopencv_xphoto.3.4.2.dylib */ = {isa = PBXFileReference; lastKnownFileType = "compiled.mach-o.dylib"; path = libopencv_xphoto.3.4.2.dylib; sourceTree = "<group>"; };
		0483CDD8210170A500167603 /* libopencv_bgsegm.3.4.2.dylib */ = {isa = PBXFileReference; lastKnownFileType = "compiled.mach-o.dylib"; path = libopencv_bgsegm.3.4.2.dylib; sourceTree = "<group>"; };
		0483CDD9210170A600167603 /* libopencv_dpm.3.4.2.dylib */ = {isa = PBXFileReference; lastKnownFileType = "compiled.mach-o.dylib"; path = libopencv_dpm.3.4.2.dylib; sourceTree = "<group>"; };
		0483CDDA210170A600167603 /* libopencv_aruco.3.4.2.dylib */ = {isa = PBXFileReference; lastKnownFileType = "compiled.mach-o.dylib"; path = libopencv_aruco.3.4.2.dylib; sourceTree = "<group>"; };
		0483CDDB210170A700167603 /* libopencv_core.3.4.2.dylib */ = {isa = PBXFileReference; lastKnownFileType = "compiled.mach-o.dylib"; path = libopencv_core.3.4.2.dylib; sourceTree = "<group>"; };
		0483CDDC210170A700167603 /* libopencv_videostab.3.4.2.dylib */ = {isa = PBXFileReference; lastKnownFileType = "compiled.mach-o.dylib"; path = libopencv_videostab.3.4.2.dylib; sourceTree = "<group>"; };
		0483CDDD210170A700167603 /* libopencv_reg.3.4.2.dylib */ = {isa = PBXFileReference; lastKnownFileType = "compiled.mach-o.dylib"; path = libopencv_reg.3.4.2.dylib; sourceTree = "<group>"; };
		0483CDDE210170A700167603 /* libopencv_ccalib.3.4.2.dylib */ = {isa = PBXFileReference; lastKnownFileType = "compiled.mach-o.dylib"; path = libopencv_ccalib.3.4.2.dylib; sourceTree = "<group>"; };
		0483CDDF210170A700167603 /* libopencv_datasets.3.4.2.dylib */ = {isa = PBXFileReference; lastKnownFileType = "compiled.mach-o.dylib"; path = libopencv_datasets.3.4.2.dylib; sourceTree = "<group>"; };
		0483CDE0210170A700167603 /* libopencv_fuzzy.3.4.2.dylib */ = {isa = PBXFileReference; lastKnownFileType = "compiled.mach-o.dylib"; path = libopencv_fuzzy.3.4.2.dylib; sourceTree = "<group>"; };
		0483CDE1210170A800167603 /* libopencv_photo.3.4.2.dylib */ = {isa = PBXFileReference; lastKnownFileType = "compiled.mach-o.dylib"; path = libopencv_photo.3.4.2.dylib; sourceTree = "<group>"; };
		0483CDE2210170A800167603 /* libopencv_flann.3.4.2.dylib */ = {isa = PBXFileReference; lastKnownFileType = "compiled.mach-o.dylib"; path = libopencv_flann.3.4.2.dylib; sourceTree = "<group>"; };
		0483CDE3210170A800167603 /* libopencv_superres.3.4.2.dylib */ = {isa = PBXFileReference; lastKnownFileType = "compiled.mach-o.dylib"; path = libopencv_superres.3.4.2.dylib; sourceTree = "<group>"; };
		0483CDE4210170A800167603 /* libopencv_imgcodecs.3.4.2.dylib */ = {isa = PBXFileReference; lastKnownFileType = "compiled.mach-o.dylib"; path = libopencv_imgcodecs.3.4.2.dylib; sourceTree = "<group>"; };
		0483CDE5210170A800167603 /* libopencv_hfs.3.4.2.dylib */ = {isa = PBXFileReference; lastKnownFileType = "compiled.mach-o.dylib"; path = libopencv_hfs.3.4.2.dylib; sourceTree = "<group>"; };
		0483CDE6210170A900167603 /* libopencv_bioinspired.3.4.2.dylib */ = {isa = PBXFileReference; lastKnownFileType = "compiled.mach-o.dylib"; path = libopencv_bioinspired.3.4.2.dylib; sourceTree = "<group>"; };
		0483CDE7210170A900167603 /* libopencv_face.3.4.2.dylib */ = {isa = PBXFileReference; lastKnownFileType = "compiled.mach-o.dylib"; path = libopencv_face.3.4.2.dylib; sourceTree = "<group>"; };
		0483CDE8210170A900167603 /* libopencv_line_descriptor.3.4.2.dylib */ = {isa = PBXFileReference; lastKnownFileType = "compiled.mach-o.dylib"; path = libopencv_line_descriptor.3.4.2.dylib; sourceTree = "<group>"; };
/* End PBXFileReference section */

/* Begin PBXFrameworksBuildPhase section */
		0483CDB121016E8600167603 /* Frameworks */ = {
			isa = PBXFrameworksBuildPhase;
			buildActionMask = 2147483647;
			files = (
				0483CE10210170A900167603 /* libopencv_hfs.3.4.2.dylib in Frameworks */,
				0483CDEF210170A900167603 /* libopencv_structured_light.3.4.2.dylib in Frameworks */,
				0483CDEE210170A900167603 /* libopencv_features2d.3.4.2.dylib in Frameworks */,
				0483CDFA210170A900167603 /* libopencv_video.3.4.2.dylib in Frameworks */,
				0483CDF8210170A900167603 /* libopencv_shape.3.4.2.dylib in Frameworks */,
				0483CDF2210170A900167603 /* libopencv_xfeatures2d.3.4.2.dylib in Frameworks */,
				0483CDF9210170A900167603 /* libopencv_stereo.3.4.2.dylib in Frameworks */,
				0483CDEB210170A900167603 /* libopencv_phase_unwrapping.3.4.2.dylib in Frameworks */,
				0483CE0D210170A900167603 /* libopencv_flann.3.4.2.dylib in Frameworks */,
				0483CE0C210170A900167603 /* libopencv_photo.3.4.2.dylib in Frameworks */,
				0483CE0E210170A900167603 /* libopencv_superres.3.4.2.dylib in Frameworks */,
				0483CDFF210170A900167603 /* libopencv_dnn_objdetect.3.4.2.dylib in Frameworks */,
				0483CE03210170A900167603 /* libopencv_bgsegm.3.4.2.dylib in Frameworks */,
				0483CE0F210170A900167603 /* libopencv_imgcodecs.3.4.2.dylib in Frameworks */,
				0483CE0A210170A900167603 /* libopencv_datasets.3.4.2.dylib in Frameworks */,
				0483CDE9210170A900167603 /* libopencv_calib3d.3.4.2.dylib in Frameworks */,
				0483CDF5210170A900167603 /* libopencv_videoio.3.4.2.dylib in Frameworks */,
				0483CDEA210170A900167603 /* libopencv_dnn.3.4.2.dylib in Frameworks */,
				0483CDF1210170A900167603 /* libopencv_ximgproc.3.4.2.dylib in Frameworks */,
				0483CE00210170A900167603 /* libopencv_saliency.3.4.2.dylib in Frameworks */,
				0483CE09210170A900167603 /* libopencv_ccalib.3.4.2.dylib in Frameworks */,
				0483CDFE210170A900167603 /* libopencv_tracking.3.4.2.dylib in Frameworks */,
				0483CDED210170A900167603 /* libopencv_optflow.3.4.2.dylib in Frameworks */,
				0483CDF6210170A900167603 /* libopencv_objdetect.3.4.2.dylib in Frameworks */,
				0483CE0B210170A900167603 /* libopencv_fuzzy.3.4.2.dylib in Frameworks */,
				0483CDFB210170A900167603 /* libopencv_highgui.3.4.2.dylib in Frameworks */,
				0483CDF4210170A900167603 /* libopencv_imgproc.3.4.2.dylib in Frameworks */,
				0483CE13210170A900167603 /* libopencv_line_descriptor.3.4.2.dylib in Frameworks */,
				0483CE12210170A900167603 /* libopencv_face.3.4.2.dylib in Frameworks */,
				0483CE11210170A900167603 /* libopencv_bioinspired.3.4.2.dylib in Frameworks */,
				0483CE02210170A900167603 /* libopencv_xphoto.3.4.2.dylib in Frameworks */,
				0483CE01210170A900167603 /* libopencv_ml.3.4.2.dylib in Frameworks */,
				0483CDF7210170A900167603 /* libopencv_plot.3.4.2.dylib in Frameworks */,
				0483CDF3210170A900167603 /* libopencv_xobjdetect.3.4.2.dylib in Frameworks */,
				0483CE07210170A900167603 /* libopencv_videostab.3.4.2.dylib in Frameworks */,
				0483CDEC210170A900167603 /* libopencv_rgbd.3.4.2.dylib in Frameworks */,
				0483CE05210170A900167603 /* libopencv_aruco.3.4.2.dylib in Frameworks */,
				0483CE06210170A900167603 /* libopencv_core.3.4.2.dylib in Frameworks */,
				0483CE04210170A900167603 /* libopencv_dpm.3.4.2.dylib in Frameworks */,
				0483CDFD210170A900167603 /* libopencv_img_hash.3.4.2.dylib in Frameworks */,
				0483CE08210170A900167603 /* libopencv_reg.3.4.2.dylib in Frameworks */,
				0483CDFC210170A900167603 /* libopencv_stitching.3.4.2.dylib in Frameworks */,
				0483CDF0210170A900167603 /* libopencv_surface_matching.3.4.2.dylib in Frameworks */,
			);
			runOnlyForDeploymentPostprocessing = 0;
		};
/* End PBXFrameworksBuildPhase section */

/* Begin PBXGroup section */
		0483CDAB21016E8600167603 = {
			isa = PBXGroup;
			children = (
				0483CDDA210170A600167603 /* libopencv_aruco.3.4.2.dylib */,
				0483CDD8210170A500167603 /* libopencv_bgsegm.3.4.2.dylib */,
				0483CDE6210170A900167603 /* libopencv_bioinspired.3.4.2.dylib */,
				0483CDBE210170A000167603 /* libopencv_calib3d.3.4.2.dylib */,
				0483CDDE210170A700167603 /* libopencv_ccalib.3.4.2.dylib */,
				0483CDDB210170A700167603 /* libopencv_core.3.4.2.dylib */,
				0483CDDF210170A700167603 /* libopencv_datasets.3.4.2.dylib */,
				0483CDD4210170A500167603 /* libopencv_dnn_objdetect.3.4.2.dylib */,
				0483CDBF210170A000167603 /* libopencv_dnn.3.4.2.dylib */,
				0483CDD9210170A600167603 /* libopencv_dpm.3.4.2.dylib */,
				0483CDE7210170A900167603 /* libopencv_face.3.4.2.dylib */,
				0483CDC3210170A100167603 /* libopencv_features2d.3.4.2.dylib */,
				0483CDE2210170A800167603 /* libopencv_flann.3.4.2.dylib */,
				0483CDE0210170A700167603 /* libopencv_fuzzy.3.4.2.dylib */,
				0483CDE5210170A800167603 /* libopencv_hfs.3.4.2.dylib */,
				0483CDD0210170A400167603 /* libopencv_highgui.3.4.2.dylib */,
				0483CDD2210170A400167603 /* libopencv_img_hash.3.4.2.dylib */,
				0483CDE4210170A800167603 /* libopencv_imgcodecs.3.4.2.dylib */,
				0483CDC9210170A300167603 /* libopencv_imgproc.3.4.2.dylib */,
				0483CDE8210170A900167603 /* libopencv_line_descriptor.3.4.2.dylib */,
				0483CDD6210170A500167603 /* libopencv_ml.3.4.2.dylib */,
				0483CDCB210170A300167603 /* libopencv_objdetect.3.4.2.dylib */,
				0483CDC2210170A100167603 /* libopencv_optflow.3.4.2.dylib */,
				0483CDC0210170A000167603 /* libopencv_phase_unwrapping.3.4.2.dylib */,
				0483CDE1210170A800167603 /* libopencv_photo.3.4.2.dylib */,
				0483CDCC210170A300167603 /* libopencv_plot.3.4.2.dylib */,
				0483CDDD210170A700167603 /* libopencv_reg.3.4.2.dylib */,
				0483CDC1210170A100167603 /* libopencv_rgbd.3.4.2.dylib */,
				0483CDD5210170A500167603 /* libopencv_saliency.3.4.2.dylib */,
				0483CDCD210170A300167603 /* libopencv_shape.3.4.2.dylib */,
				0483CDCE210170A300167603 /* libopencv_stereo.3.4.2.dylib */,
				0483CDD1210170A400167603 /* libopencv_stitching.3.4.2.dylib */,
				0483CDC4210170A100167603 /* libopencv_structured_light.3.4.2.dylib */,
				0483CDE3210170A800167603 /* libopencv_superres.3.4.2.dylib */,
				0483CDC5210170A100167603 /* libopencv_surface_matching.3.4.2.dylib */,
				0483CDD3210170A400167603 /* libopencv_tracking.3.4.2.dylib */,
				0483CDCF210170A400167603 /* libopencv_video.3.4.2.dylib */,
				0483CDCA210170A300167603 /* libopencv_videoio.3.4.2.dylib */,
				0483CDDC210170A700167603 /* libopencv_videostab.3.4.2.dylib */,
				0483CDC7210170A100167603 /* libopencv_xfeatures2d.3.4.2.dylib */,
				0483CDC6210170A100167603 /* libopencv_ximgproc.3.4.2.dylib */,
				0483CDC8210170A200167603 /* libopencv_xobjdetect.3.4.2.dylib */,
				0483CDD7210170A500167603 /* libopencv_xphoto.3.4.2.dylib */,
				0483CDB621016E8600167603 /* MSC */,
				0483CDB521016E8600167603 /* Products */,
			);
			sourceTree = "<group>";
		};
		0483CDB521016E8600167603 /* Products */ = {
			isa = PBXGroup;
			children = (
				0483CDB421016E8600167603 /* MSC */,
			);
			name = Products;
			sourceTree = "<group>";
		};
		0483CDB621016E8600167603 /* MSC */ = {
			isa = PBXGroup;
			children = (
				0483CDB721016E8600167603 /* main.cpp */,
			);
			path = MSC;
			sourceTree = "<group>";
		};
/* End PBXGroup section */

/* Begin PBXNativeTarget section */
		0483CDB321016E8600167603 /* MSC */ = {
			isa = PBXNativeTarget;
			buildConfigurationList = 0483CDBB21016E8600167603 /* Build configuration list for PBXNativeTarget "MSC" */;
			buildPhases = (
				0483CDB021016E8600167603 /* Sources */,
				0483CDB121016E8600167603 /* Frameworks */,
				0483CDB221016E8600167603 /* CopyFiles */,
			);
			buildRules = (
			);
			dependencies = (
			);
			name = MSC;
			productName = MSC;
			productReference = 0483CDB421016E8600167603 /* MSC */;
			productType = "com.apple.product-type.tool";
		};
/* End PBXNativeTarget section */

/* Begin PBXProject section */
		0483CDAC21016E8600167603 /* Project object */ = {
			isa = PBXProject;
			attributes = {
				LastUpgradeCheck = 0940;
				ORGANIZATIONNAME = DvixExtract;
				TargetAttributes = {
					0483CDB321016E8600167603 = {
						CreatedOnToolsVersion = 9.4.1;
					};
				};
			};
			buildConfigurationList = 0483CDAF21016E8600167603 /* Build configuration list for PBXProject "MSC" */;
			compatibilityVersion = "Xcode 9.3";
			developmentRegion = en;
			hasScannedForEncodings = 0;
			knownRegions = (
				en,
			);
			mainGroup = 0483CDAB21016E8600167603;
			productRefGroup = 0483CDB521016E8600167603 /* Products */;
			projectDirPath = "";
			projectRoot = "";
			targets = (
				0483CDB321016E8600167603 /* MSC */,
			);
		};
/* End PBXProject section */

/* Begin PBXSourcesBuildPhase section */
		0483CDB021016E8600167603 /* Sources */ = {
			isa = PBXSourcesBuildPhase;
			buildActionMask = 2147483647;
			files = (
				0483CDB821016E8600167603 /* main.cpp in Sources */,
			);
			runOnlyForDeploymentPostprocessing = 0;
		};
/* End PBXSourcesBuildPhase section */

/* Begin XCBuildConfiguration section */
		0483CDB921016E8600167603 /* Debug */ = {
			isa = XCBuildConfiguration;
			buildSettings = {
				ALWAYS_SEARCH_USER_PATHS = NO;
				CLANG_ANALYZER_NONNULL = YES;
				CLANG_ANALYZER_NUMBER_OBJECT_CONVERSION = YES_AGGRESSIVE;
				CLANG_CXX_LANGUAGE_STANDARD = "gnu++14";
				CLANG_CXX_LIBRARY = "libc++";
				CLANG_ENABLE_MODULES = YES;
				CLANG_ENABLE_OBJC_ARC = YES;
				CLANG_ENABLE_OBJC_WEAK = YES;
				CLANG_WARN_BLOCK_CAPTURE_AUTORELEASING = YES;
				CLANG_WARN_BOOL_CONVERSION = YES;
				CLANG_WARN_COMMA = YES;
				CLANG_WARN_CONSTANT_CONVERSION = YES;
				CLANG_WARN_DEPRECATED_OBJC_IMPLEMENTATIONS = YES;
				CLANG_WARN_DIRECT_OBJC_ISA_USAGE = YES_ERROR;
				CLANG_WARN_DOCUMENTATION_COMMENTS = YES;
				CLANG_WARN_EMPTY_BODY = YES;
				CLANG_WARN_ENUM_CONVERSION = YES;
				CLANG_WARN_INFINITE_RECURSION = YES;
				CLANG_WARN_INT_CONVERSION = YES;
				CLANG_WARN_NON_LITERAL_NULL_CONVERSION = YES;
				CLANG_WARN_OBJC_IMPLICIT_RETAIN_SELF = YES;
				CLANG_WARN_OBJC_LITERAL_CONVERSION = YES;
				CLANG_WARN_OBJC_ROOT_CLASS = YES_ERROR;
				CLANG_WARN_RANGE_LOOP_ANALYSIS = YES;
				CLANG_WARN_STRICT_PROTOTYPES = YES;
				CLANG_WARN_SUSPICIOUS_MOVE = YES;
				CLANG_WARN_UNGUARDED_AVAILABILITY = YES_AGGRESSIVE;
				CLANG_WARN_UNREACHABLE_CODE = YES;
				CLANG_WARN__DUPLICATE_METHOD_MATCH = YES;
				CODE_SIGN_IDENTITY = "-";
				COPY_PHASE_STRIP = NO;
				DEBUG_INFORMATION_FORMAT = dwarf;
				ENABLE_STRICT_OBJC_MSGSEND = YES;
				ENABLE_TESTABILITY = YES;
				GCC_C_LANGUAGE_STANDARD = gnu11;
				GCC_DYNAMIC_NO_PIC = NO;
				GCC_NO_COMMON_BLOCKS = YES;
				GCC_OPTIMIZATION_LEVEL = 0;
				GCC_PREPROCESSOR_DEFINITIONS = (
					"DEBUG=1",
					"$(inherited)",
				);
				GCC_WARN_64_TO_32_BIT_CONVERSION = YES;
				GCC_WARN_ABOUT_RETURN_TYPE = YES_ERROR;
				GCC_WARN_UNDECLARED_SELECTOR = YES;
				GCC_WARN_UNINITIALIZED_AUTOS = YES_AGGRESSIVE;
				GCC_WARN_UNUSED_FUNCTION = YES;
				GCC_WARN_UNUSED_VARIABLE = YES;
				MACOSX_DEPLOYMENT_TARGET = 10.13;
				MTL_ENABLE_DEBUG_INFO = YES;
				ONLY_ACTIVE_ARCH = YES;
				SDKROOT = macosx;
			};
			name = Debug;
		};
		0483CDBA21016E8600167603 /* Release */ = {
			isa = XCBuildConfiguration;
			buildSettings = {
				ALWAYS_SEARCH_USER_PATHS = NO;
				CLANG_ANALYZER_NONNULL = YES;
				CLANG_ANALYZER_NUMBER_OBJECT_CONVERSION = YES_AGGRESSIVE;
				CLANG_CXX_LANGUAGE_STANDARD = "gnu++14";
				CLANG_CXX_LIBRARY = "libc++";
				CLANG_ENABLE_MODULES = YES;
				CLANG_ENABLE_OBJC_ARC = YES;
				CLANG_ENABLE_OBJC_WEAK = YES;
				CLANG_WARN_BLOCK_CAPTURE_AUTORELEASING = YES;
				CLANG_WARN_BOOL_CONVERSION = YES;
				CLANG_WARN_COMMA = YES;
				CLANG_WARN_CONSTANT_CONVERSION = YES;
				CLANG_WARN_DEPRECATED_OBJC_IMPLEMENTATIONS = YES;
				CLANG_WARN_DIRECT_OBJC_ISA_USAGE = YES_ERROR;
				CLANG_WARN_DOCUMENTATION_COMMENTS = YES;
				CLANG_WARN_EMPTY_BODY = YES;
				CLANG_WARN_ENUM_CONVERSION = YES;
				CLANG_WARN_INFINITE_RECURSION = YES;
				CLANG_WARN_INT_CONVERSION = YES;
				CLANG_WARN_NON_LITERAL_NULL_CONVERSION = YES;
				CLANG_WARN_OBJC_IMPLICIT_RETAIN_SELF = YES;
				CLANG_WARN_OBJC_LITERAL_CONVERSION = YES;
				CLANG_WARN_OBJC_ROOT_CLASS = YES_ERROR;
				CLANG_WARN_RANGE_LOOP_ANALYSIS = YES;
				CLANG_WARN_STRICT_PROTOTYPES = YES;
				CLANG_WARN_SUSPICIOUS_MOVE = YES;
				CLANG_WARN_UNGUARDED_AVAILABILITY = YES_AGGRESSIVE;
				CLANG_WARN_UNREACHABLE_CODE = YES;
				CLANG_WARN__DUPLICATE_METHOD_MATCH = YES;
				CODE_SIGN_IDENTITY = "-";
				COPY_PHASE_STRIP = NO;
				DEBUG_INFORMATION_FORMAT = "dwarf-with-dsym";
				ENABLE_NS_ASSERTIONS = NO;
				ENABLE_STRICT_OBJC_MSGSEND = YES;
				GCC_C_LANGUAGE_STANDARD = gnu11;
				GCC_NO_COMMON_BLOCKS = YES;
				GCC_WARN_64_TO_32_BIT_CONVERSION = YES;
				GCC_WARN_ABOUT_RETURN_TYPE = YES_ERROR;
				GCC_WARN_UNDECLARED_SELECTOR = YES;
				GCC_WARN_UNINITIALIZED_AUTOS = YES_AGGRESSIVE;
				GCC_WARN_UNUSED_FUNCTION = YES;
				GCC_WARN_UNUSED_VARIABLE = YES;
				MACOSX_DEPLOYMENT_TARGET = 10.13;
				MTL_ENABLE_DEBUG_INFO = NO;
				SDKROOT = macosx;
			};
			name = Release;
		};
		0483CDBC21016E8600167603 /* Debug */ = {
			isa = XCBuildConfiguration;
			buildSettings = {
				CODE_SIGN_STYLE = Automatic;
				HEADER_SEARCH_PATHS = /usr/local/include;
				LIBRARY_SEARCH_PATHS = (
					"$(inherited)",
					"$(PROJECT_DIR)",
				);
				PRODUCT_NAME = "$(TARGET_NAME)";
			};
			name = Debug;
		};
		0483CDBD21016E8600167603 /* Release */ = {
			isa = XCBuildConfiguration;
			buildSettings = {
				CODE_SIGN_STYLE = Automatic;
				HEADER_SEARCH_PATHS = /usr/local/include;
				LIBRARY_SEARCH_PATHS = (
					"$(inherited)",
					"$(PROJECT_DIR)",
				);
				PRODUCT_NAME = "$(TARGET_NAME)";
			};
			name = Release;
		};
/* End XCBuildConfiguration section */

/* Begin XCConfigurationList section */
		0483CDAF21016E8600167603 /* Build configuration list for PBXProject "MSC" */ = {
			isa = XCConfigurationList;
			buildConfigurations = (
				0483CDB921016E8600167603 /* Debug */,
				0483CDBA21016E8600167603 /* Release */,
			);
			defaultConfigurationIsVisible = 0;
			defaultConfigurationName = Release;
		};
		0483CDBB21016E8600167603 /* Build configuration list for PBXNativeTarget "MSC" */ = {
			isa = XCConfigurationList;
			buildConfigurations = (
				0483CDBC21016E8600167603 /* Debug */,
				0483CDBD21016E8600167603 /* Release */,
			);
			defaultConfigurationIsVisible = 0;
			defaultConfigurationName = Release;
		};
/* End XCConfigurationList section */
	};
	rootObject = 0483CDAC21016E8600167603 /* Project object */;
}
